// !$*UTF8*$!
{
	archiveVersion = 1;
	classes = {
	};
	objectVersion = 56;
	objects = {

/* Begin PBXBuildFile section */
		A7A0871E2AD529E20069D0C1 /* GangadharSwiftUIProjectApp.swift in Sources */ = {isa = PBXBuildFile; fileRef = A7A0871D2AD529E20069D0C1 /* GangadharSwiftUIProjectApp.swift */; };
		A7A087222AD529E40069D0C1 /* Assets.xcassets in Resources */ = {isa = PBXBuildFile; fileRef = A7A087212AD529E40069D0C1 /* Assets.xcassets */; };
		A7A087252AD529E40069D0C1 /* Preview Assets.xcassets in Resources */ = {isa = PBXBuildFile; fileRef = A7A087242AD529E40069D0C1 /* Preview Assets.xcassets */; };
		A7A0872F2AD529E40069D0C1 /* GangadharSwiftUIProjectTests.swift in Sources */ = {isa = PBXBuildFile; fileRef = A7A0872E2AD529E40069D0C1 /* GangadharSwiftUIProjectTests.swift */; };
		A7A087392AD529E40069D0C1 /* GangadharSwiftUIProjectUITests.swift in Sources */ = {isa = PBXBuildFile; fileRef = A7A087382AD529E40069D0C1 /* GangadharSwiftUIProjectUITests.swift */; };
		A7A0873B2AD529E40069D0C1 /* GangadharSwiftUIProjectUITestsLaunchTests.swift in Sources */ = {isa = PBXBuildFile; fileRef = A7A0873A2AD529E40069D0C1 /* GangadharSwiftUIProjectUITestsLaunchTests.swift */; };
		A7A087542AD52F1A0069D0C1 /* LoginView.swift in Sources */ = {isa = PBXBuildFile; fileRef = A7A087532AD52F1A0069D0C1 /* LoginView.swift */; };
		A7A087562AD5300E0069D0C1 /* RegistrationView.swift in Sources */ = {isa = PBXBuildFile; fileRef = A7A087552AD5300E0069D0C1 /* RegistrationView.swift */; };
		A7A087592AD545EC0069D0C1 /* InputFieldWithLogo.swift in Sources */ = {isa = PBXBuildFile; fileRef = A7A087582AD545EB0069D0C1 /* InputFieldWithLogo.swift */; };
		A7A0875D2AD557E80069D0C1 /* LaunchView.swift in Sources */ = {isa = PBXBuildFile; fileRef = A7A0875C2AD557E80069D0C1 /* LaunchView.swift */; };
		A7A087622AD567060069D0C1 /* ApiConfig.swift in Sources */ = {isa = PBXBuildFile; fileRef = A7A087612AD567060069D0C1 /* ApiConfig.swift */; };
/* End PBXBuildFile section */

/* Begin PBXContainerItemProxy section */
		A7A0872B2AD529E40069D0C1 /* PBXContainerItemProxy */ = {
			isa = PBXContainerItemProxy;
			containerPortal = A7A087122AD529E20069D0C1 /* Project object */;
			proxyType = 1;
			remoteGlobalIDString = A7A087192AD529E20069D0C1;
			remoteInfo = GangadharSwiftUIProject;
		};
		A7A087352AD529E40069D0C1 /* PBXContainerItemProxy */ = {
			isa = PBXContainerItemProxy;
			containerPortal = A7A087122AD529E20069D0C1 /* Project object */;
			proxyType = 1;
			remoteGlobalIDString = A7A087192AD529E20069D0C1;
			remoteInfo = GangadharSwiftUIProject;
		};
/* End PBXContainerItemProxy section */

/* Begin PBXFileReference section */
		A7A0871A2AD529E20069D0C1 /* GangadharSwiftUIProject.app */ = {isa = PBXFileReference; explicitFileType = wrapper.application; includeInIndex = 0; path = GangadharSwiftUIProject.app; sourceTree = BUILT_PRODUCTS_DIR; };
		A7A0871D2AD529E20069D0C1 /* GangadharSwiftUIProjectApp.swift */ = {isa = PBXFileReference; lastKnownFileType = sourcecode.swift; path = GangadharSwiftUIProjectApp.swift; sourceTree = "<group>"; };
		A7A087212AD529E40069D0C1 /* Assets.xcassets */ = {isa = PBXFileReference; lastKnownFileType = folder.assetcatalog; path = Assets.xcassets; sourceTree = "<group>"; };
		A7A087242AD529E40069D0C1 /* Preview Assets.xcassets */ = {isa = PBXFileReference; lastKnownFileType = folder.assetcatalog; path = "Preview Assets.xcassets"; sourceTree = "<group>"; };
		A7A0872A2AD529E40069D0C1 /* GangadharSwiftUIProjectTests.xctest */ = {isa = PBXFileReference; explicitFileType = wrapper.cfbundle; includeInIndex = 0; path = GangadharSwiftUIProjectTests.xctest; sourceTree = BUILT_PRODUCTS_DIR; };
		A7A0872E2AD529E40069D0C1 /* GangadharSwiftUIProjectTests.swift */ = {isa = PBXFileReference; lastKnownFileType = sourcecode.swift; path = GangadharSwiftUIProjectTests.swift; sourceTree = "<group>"; };
		A7A087342AD529E40069D0C1 /* GangadharSwiftUIProjectUITests.xctest */ = {isa = PBXFileReference; explicitFileType = wrapper.cfbundle; includeInIndex = 0; path = GangadharSwiftUIProjectUITests.xctest; sourceTree = BUILT_PRODUCTS_DIR; };
		A7A087382AD529E40069D0C1 /* GangadharSwiftUIProjectUITests.swift */ = {isa = PBXFileReference; lastKnownFileType = sourcecode.swift; path = GangadharSwiftUIProjectUITests.swift; sourceTree = "<group>"; };
		A7A0873A2AD529E40069D0C1 /* GangadharSwiftUIProjectUITestsLaunchTests.swift */ = {isa = PBXFileReference; lastKnownFileType = sourcecode.swift; path = GangadharSwiftUIProjectUITestsLaunchTests.swift; sourceTree = "<group>"; };
		A7A087502AD52E210069D0C1 /* ReadMe.txt */ = {isa = PBXFileReference; lastKnownFileType = text; path = ReadMe.txt; sourceTree = "<group>"; };
		A7A087532AD52F1A0069D0C1 /* LoginView.swift */ = {isa = PBXFileReference; lastKnownFileType = sourcecode.swift; path = LoginView.swift; sourceTree = "<group>"; };
		A7A087552AD5300E0069D0C1 /* RegistrationView.swift */ = {isa = PBXFileReference; lastKnownFileType = sourcecode.swift; path = RegistrationView.swift; sourceTree = "<group>"; };
		A7A087582AD545EB0069D0C1 /* InputFieldWithLogo.swift */ = {isa = PBXFileReference; lastKnownFileType = sourcecode.swift; path = InputFieldWithLogo.swift; sourceTree = "<group>"; };
		A7A0875C2AD557E80069D0C1 /* LaunchView.swift */ = {isa = PBXFileReference; lastKnownFileType = sourcecode.swift; path = LaunchView.swift; sourceTree = "<group>"; };
		A7A087612AD567060069D0C1 /* ApiConfig.swift */ = {isa = PBXFileReference; lastKnownFileType = sourcecode.swift; path = ApiConfig.swift; sourceTree = "<group>"; };
/* End PBXFileReference section */

/* Begin PBXFrameworksBuildPhase section */
		A7A087172AD529E20069D0C1 /* Frameworks */ = {
			isa = PBXFrameworksBuildPhase;
			buildActionMask = 2147483647;
			files = (
			);
			runOnlyForDeploymentPostprocessing = 0;
		};
		A7A087272AD529E40069D0C1 /* Frameworks */ = {
			isa = PBXFrameworksBuildPhase;
			buildActionMask = 2147483647;
			files = (
			);
			runOnlyForDeploymentPostprocessing = 0;
		};
		A7A087312AD529E40069D0C1 /* Frameworks */ = {
			isa = PBXFrameworksBuildPhase;
			buildActionMask = 2147483647;
			files = (
			);
			runOnlyForDeploymentPostprocessing = 0;
		};
/* End PBXFrameworksBuildPhase section */

/* Begin PBXGroup section */
		A7A087112AD529E20069D0C1 = {
			isa = PBXGroup;
			children = (
				A7A0871C2AD529E20069D0C1 /* GangadharSwiftUIProject */,
				A7A0872D2AD529E40069D0C1 /* GangadharSwiftUIProjectTests */,
				A7A087372AD529E40069D0C1 /* GangadharSwiftUIProjectUITests */,
				A7A0871B2AD529E20069D0C1 /* Products */,
			);
			sourceTree = "<group>";
		};
		A7A0871B2AD529E20069D0C1 /* Products */ = {
			isa = PBXGroup;
			children = (
				A7A0871A2AD529E20069D0C1 /* GangadharSwiftUIProject.app */,
				A7A0872A2AD529E40069D0C1 /* GangadharSwiftUIProjectTests.xctest */,
				A7A087342AD529E40069D0C1 /* GangadharSwiftUIProjectUITests.xctest */,
			);
			name = Products;
			sourceTree = "<group>";
		};
		A7A0871C2AD529E20069D0C1 /* GangadharSwiftUIProject */ = {
			isa = PBXGroup;
			children = (
				A7A087572AD545AF0069D0C1 /* Components */,
				A7A0874D2AD52C570069D0C1 /* CustomControls */,
				A7A0874C2AD52C410069D0C1 /* Extensions */,
				A7A0874B2AD52C360069D0C1 /* Common */,
				A7A0874A2AD52C000069D0C1 /* Utilities */,
				A7A087492AD52BFA0069D0C1 /* Models */,
				A7A087482AD52BF20069D0C1 /* Views */,
				A7A087472AD52BC90069D0C1 /* Data */,
				A7A0871D2AD529E20069D0C1 /* GangadharSwiftUIProjectApp.swift */,
				A7A087212AD529E40069D0C1 /* Assets.xcassets */,
				A7A087232AD529E40069D0C1 /* Preview Content */,
				A7A087502AD52E210069D0C1 /* ReadMe.txt */,
			);
			path = GangadharSwiftUIProject;
			sourceTree = "<group>";
		};
		A7A087232AD529E40069D0C1 /* Preview Content */ = {
			isa = PBXGroup;
			children = (
				A7A087242AD529E40069D0C1 /* Preview Assets.xcassets */,
			);
			path = "Preview Content";
			sourceTree = "<group>";
		};
		A7A0872D2AD529E40069D0C1 /* GangadharSwiftUIProjectTests */ = {
			isa = PBXGroup;
			children = (
				A7A0872E2AD529E40069D0C1 /* GangadharSwiftUIProjectTests.swift */,
			);
			path = GangadharSwiftUIProjectTests;
			sourceTree = "<group>";
		};
		A7A087372AD529E40069D0C1 /* GangadharSwiftUIProjectUITests */ = {
			isa = PBXGroup;
			children = (
				A7A087382AD529E40069D0C1 /* GangadharSwiftUIProjectUITests.swift */,
				A7A0873A2AD529E40069D0C1 /* GangadharSwiftUIProjectUITestsLaunchTests.swift */,
			);
			path = GangadharSwiftUIProjectUITests;
			sourceTree = "<group>";
		};
		A7A087472AD52BC90069D0C1 /* Data */ = {
			isa = PBXGroup;
			children = (
			);
			path = Data;
			sourceTree = "<group>";
		};
		A7A087482AD52BF20069D0C1 /* Views */ = {
			isa = PBXGroup;
			children = (
				A7A087532AD52F1A0069D0C1 /* LoginView.swift */,
				A7A087552AD5300E0069D0C1 /* RegistrationView.swift */,
				A7A0875C2AD557E80069D0C1 /* LaunchView.swift */,
			);
			path = Views;
			sourceTree = "<group>";
		};
		A7A087492AD52BFA0069D0C1 /* Models */ = {
			isa = PBXGroup;
			children = (
			);
			path = Models;
			sourceTree = "<group>";
		};
		A7A0874A2AD52C000069D0C1 /* Utilities */ = {
			isa = PBXGroup;
			children = (
			);
			path = Utilities;
			sourceTree = "<group>";
		};
		A7A0874B2AD52C360069D0C1 /* Common */ = {
			isa = PBXGroup;
			children = (
				A7A087612AD567060069D0C1 /* ApiConfig.swift */,
			);
			path = Common;
			sourceTree = "<group>";
		};
		A7A0874C2AD52C410069D0C1 /* Extensions */ = {
			isa = PBXGroup;
			children = (
			);
			path = Extensions;
			sourceTree = "<group>";
		};
		A7A0874D2AD52C570069D0C1 /* CustomControls */ = {
			isa = PBXGroup;
			children = (
			);
			path = CustomControls;
			sourceTree = "<group>";
		};
		A7A087572AD545AF0069D0C1 /* Components */ = {
			isa = PBXGroup;
			children = (
				A7A087582AD545EB0069D0C1 /* InputFieldWithLogo.swift */,
			);
			path = Components;
			sourceTree = "<group>";
		};
/* End PBXGroup section */

/* Begin PBXNativeTarget section */
		A7A087192AD529E20069D0C1 /* GangadharSwiftUIProject */ = {
			isa = PBXNativeTarget;
			buildConfigurationList = A7A0873E2AD529E40069D0C1 /* Build configuration list for PBXNativeTarget "GangadharSwiftUIProject" */;
			buildPhases = (
				A7A087162AD529E20069D0C1 /* Sources */,
				A7A087172AD529E20069D0C1 /* Frameworks */,
				A7A087182AD529E20069D0C1 /* Resources */,
			);
			buildRules = (
			);
			dependencies = (
			);
			name = GangadharSwiftUIProject;
			productName = GangadharSwiftUIProject;
			productReference = A7A0871A2AD529E20069D0C1 /* GangadharSwiftUIProject.app */;
			productType = "com.apple.product-type.application";
		};
		A7A087292AD529E40069D0C1 /* GangadharSwiftUIProjectTests */ = {
			isa = PBXNativeTarget;
			buildConfigurationList = A7A087412AD529E40069D0C1 /* Build configuration list for PBXNativeTarget "GangadharSwiftUIProjectTests" */;
			buildPhases = (
				A7A087262AD529E40069D0C1 /* Sources */,
				A7A087272AD529E40069D0C1 /* Frameworks */,
				A7A087282AD529E40069D0C1 /* Resources */,
			);
			buildRules = (
			);
			dependencies = (
				A7A0872C2AD529E40069D0C1 /* PBXTargetDependency */,
			);
			name = GangadharSwiftUIProjectTests;
			productName = GangadharSwiftUIProjectTests;
			productReference = A7A0872A2AD529E40069D0C1 /* GangadharSwiftUIProjectTests.xctest */;
			productType = "com.apple.product-type.bundle.unit-test";
		};
		A7A087332AD529E40069D0C1 /* GangadharSwiftUIProjectUITests */ = {
			isa = PBXNativeTarget;
			buildConfigurationList = A7A087442AD529E40069D0C1 /* Build configuration list for PBXNativeTarget "GangadharSwiftUIProjectUITests" */;
			buildPhases = (
				A7A087302AD529E40069D0C1 /* Sources */,
				A7A087312AD529E40069D0C1 /* Frameworks */,
				A7A087322AD529E40069D0C1 /* Resources */,
			);
			buildRules = (
			);
			dependencies = (
				A7A087362AD529E40069D0C1 /* PBXTargetDependency */,
			);
			name = GangadharSwiftUIProjectUITests;
			productName = GangadharSwiftUIProjectUITests;
			productReference = A7A087342AD529E40069D0C1 /* GangadharSwiftUIProjectUITests.xctest */;
			productType = "com.apple.product-type.bundle.ui-testing";
		};
/* End PBXNativeTarget section */

/* Begin PBXProject section */
		A7A087122AD529E20069D0C1 /* Project object */ = {
			isa = PBXProject;
			attributes = {
				BuildIndependentTargetsInParallel = 1;
				LastSwiftUpdateCheck = 1500;
				LastUpgradeCheck = 1500;
				TargetAttributes = {
					A7A087192AD529E20069D0C1 = {
						CreatedOnToolsVersion = 15.0;
					};
					A7A087292AD529E40069D0C1 = {
						CreatedOnToolsVersion = 15.0;
						TestTargetID = A7A087192AD529E20069D0C1;
					};
					A7A087332AD529E40069D0C1 = {
						CreatedOnToolsVersion = 15.0;
						TestTargetID = A7A087192AD529E20069D0C1;
					};
				};
			};
			buildConfigurationList = A7A087152AD529E20069D0C1 /* Build configuration list for PBXProject "GangadharSwiftUIProject" */;
			compatibilityVersion = "Xcode 14.0";
			developmentRegion = en;
			hasScannedForEncodings = 0;
			knownRegions = (
				en,
				Base,
			);
			mainGroup = A7A087112AD529E20069D0C1;
			productRefGroup = A7A0871B2AD529E20069D0C1 /* Products */;
			projectDirPath = "";
			projectRoot = "";
			targets = (
				A7A087192AD529E20069D0C1 /* GangadharSwiftUIProject */,
				A7A087292AD529E40069D0C1 /* GangadharSwiftUIProjectTests */,
				A7A087332AD529E40069D0C1 /* GangadharSwiftUIProjectUITests */,
			);
		};
/* End PBXProject section */

/* Begin PBXResourcesBuildPhase section */
		A7A087182AD529E20069D0C1 /* Resources */ = {
			isa = PBXResourcesBuildPhase;
			buildActionMask = 2147483647;
			files = (
				A7A087252AD529E40069D0C1 /* Preview Assets.xcassets in Resources */,
				A7A087222AD529E40069D0C1 /* Assets.xcassets in Resources */,
			);
			runOnlyForDeploymentPostprocessing = 0;
		};
		A7A087282AD529E40069D0C1 /* Resources */ = {
			isa = PBXResourcesBuildPhase;
			buildActionMask = 2147483647;
			files = (
			);
			runOnlyForDeploymentPostprocessing = 0;
		};
		A7A087322AD529E40069D0C1 /* Resources */ = {
			isa = PBXResourcesBuildPhase;
			buildActionMask = 2147483647;
			files = (
			);
			runOnlyForDeploymentPostprocessing = 0;
		};
/* End PBXResourcesBuildPhase section */

/* Begin PBXSourcesBuildPhase section */
		A7A087162AD529E20069D0C1 /* Sources */ = {
			isa = PBXSourcesBuildPhase;
			buildActionMask = 2147483647;
			files = (
				A7A087592AD545EC0069D0C1 /* InputFieldWithLogo.swift in Sources */,
				A7A0875D2AD557E80069D0C1 /* LaunchView.swift in Sources */,
				A7A087622AD567060069D0C1 /* ApiConfig.swift in Sources */,
				A7A087562AD5300E0069D0C1 /* RegistrationView.swift in Sources */,
				A7A087542AD52F1A0069D0C1 /* LoginView.swift in Sources */,
				A7A0871E2AD529E20069D0C1 /* GangadharSwiftUIProjectApp.swift in Sources */,
			);
			runOnlyForDeploymentPostprocessing = 0;
		};
		A7A087262AD529E40069D0C1 /* Sources */ = {
			isa = PBXSourcesBuildPhase;
			buildActionMask = 2147483647;
			files = (
				A7A0872F2AD529E40069D0C1 /* GangadharSwiftUIProjectTests.swift in Sources */,
			);
			runOnlyForDeploymentPostprocessing = 0;
		};
		A7A087302AD529E40069D0C1 /* Sources */ = {
			isa = PBXSourcesBuildPhase;
			buildActionMask = 2147483647;
			files = (
				A7A0873B2AD529E40069D0C1 /* GangadharSwiftUIProjectUITestsLaunchTests.swift in Sources */,
				A7A087392AD529E40069D0C1 /* GangadharSwiftUIProjectUITests.swift in Sources */,
			);
			runOnlyForDeploymentPostprocessing = 0;
		};
/* End PBXSourcesBuildPhase section */

/* Begin PBXTargetDependency section */
		A7A0872C2AD529E40069D0C1 /* PBXTargetDependency */ = {
			isa = PBXTargetDependency;
			target = A7A087192AD529E20069D0C1 /* GangadharSwiftUIProject */;
			targetProxy = A7A0872B2AD529E40069D0C1 /* PBXContainerItemProxy */;
		};
		A7A087362AD529E40069D0C1 /* PBXTargetDependency */ = {
			isa = PBXTargetDependency;
			target = A7A087192AD529E20069D0C1 /* GangadharSwiftUIProject */;
			targetProxy = A7A087352AD529E40069D0C1 /* PBXContainerItemProxy */;
		};
/* End PBXTargetDependency section */

/* Begin XCBuildConfiguration section */
		A7A0873C2AD529E40069D0C1 /* Debug */ = {
			isa = XCBuildConfiguration;
			buildSettings = {
				ALWAYS_SEARCH_USER_PATHS = NO;
				ASSETCATALOG_COMPILER_GENERATE_SWIFT_ASSET_SYMBOL_EXTENSIONS = YES;
				CLANG_ANALYZER_NONNULL = YES;
				CLANG_ANALYZER_NUMBER_OBJECT_CONVERSION = YES_AGGRESSIVE;
				CLANG_CXX_LANGUAGE_STANDARD = "gnu++20";
				CLANG_ENABLE_MODULES = YES;
				CLANG_ENABLE_OBJC_ARC = YES;
				CLANG_ENABLE_OBJC_WEAK = YES;
				CLANG_WARN_BLOCK_CAPTURE_AUTORELEASING = YES;
				CLANG_WARN_BOOL_CONVERSION = YES;
				CLANG_WARN_COMMA = YES;
				CLANG_WARN_CONSTANT_CONVERSION = YES;
				CLANG_WARN_DEPRECATED_OBJC_IMPLEMENTATIONS = YES;
				CLANG_WARN_DIRECT_OBJC_ISA_USAGE = YES_ERROR;
				CLANG_WARN_DOCUMENTATION_COMMENTS = YES;
				CLANG_WARN_EMPTY_BODY = YES;
				CLANG_WARN_ENUM_CONVERSION = YES;
				CLANG_WARN_INFINITE_RECURSION = YES;
				CLANG_WARN_INT_CONVERSION = YES;
				CLANG_WARN_NON_LITERAL_NULL_CONVERSION = YES;
				CLANG_WARN_OBJC_IMPLICIT_RETAIN_SELF = YES;
				CLANG_WARN_OBJC_LITERAL_CONVERSION = YES;
				CLANG_WARN_OBJC_ROOT_CLASS = YES_ERROR;
				CLANG_WARN_QUOTED_INCLUDE_IN_FRAMEWORK_HEADER = YES;
				CLANG_WARN_RANGE_LOOP_ANALYSIS = YES;
				CLANG_WARN_STRICT_PROTOTYPES = YES;
				CLANG_WARN_SUSPICIOUS_MOVE = YES;
				CLANG_WARN_UNGUARDED_AVAILABILITY = YES_AGGRESSIVE;
				CLANG_WARN_UNREACHABLE_CODE = YES;
				CLANG_WARN__DUPLICATE_METHOD_MATCH = YES;
				COPY_PHASE_STRIP = NO;
				DEBUG_INFORMATION_FORMAT = dwarf;
				ENABLE_STRICT_OBJC_MSGSEND = YES;
				ENABLE_TESTABILITY = YES;
				ENABLE_USER_SCRIPT_SANDBOXING = YES;
				GCC_C_LANGUAGE_STANDARD = gnu17;
				GCC_DYNAMIC_NO_PIC = NO;
				GCC_NO_COMMON_BLOCKS = YES;
				GCC_OPTIMIZATION_LEVEL = 0;
				GCC_PREPROCESSOR_DEFINITIONS = (
					"DEBUG=1",
					"$(inherited)",
				);
				GCC_WARN_64_TO_32_BIT_CONVERSION = YES;
				GCC_WARN_ABOUT_RETURN_TYPE = YES_ERROR;
				GCC_WARN_UNDECLARED_SELECTOR = YES;
				GCC_WARN_UNINITIALIZED_AUTOS = YES_AGGRESSIVE;
				GCC_WARN_UNUSED_FUNCTION = YES;
				GCC_WARN_UNUSED_VARIABLE = YES;
				IPHONEOS_DEPLOYMENT_TARGET = 17.0;
				LOCALIZATION_PREFERS_STRING_CATALOGS = YES;
				MTL_ENABLE_DEBUG_INFO = INCLUDE_SOURCE;
				MTL_FAST_MATH = YES;
				ONLY_ACTIVE_ARCH = YES;
				SDKROOT = iphoneos;
				SWIFT_ACTIVE_COMPILATION_CONDITIONS = "DEBUG $(inherited)";
				SWIFT_OPTIMIZATION_LEVEL = "-Onone";
			};
			name = Debug;
		};
		A7A0873D2AD529E40069D0C1 /* Release */ = {
			isa = XCBuildConfiguration;
			buildSettings = {
				ALWAYS_SEARCH_USER_PATHS = NO;
				ASSETCATALOG_COMPILER_GENERATE_SWIFT_ASSET_SYMBOL_EXTENSIONS = YES;
				CLANG_ANALYZER_NONNULL = YES;
				CLANG_ANALYZER_NUMBER_OBJECT_CONVERSION = YES_AGGRESSIVE;
				CLANG_CXX_LANGUAGE_STANDARD = "gnu++20";
				CLANG_ENABLE_MODULES = YES;
				CLANG_ENABLE_OBJC_ARC = YES;
				CLANG_ENABLE_OBJC_WEAK = YES;
				CLANG_WARN_BLOCK_CAPTURE_AUTORELEASING = YES;
				CLANG_WARN_BOOL_CONVERSION = YES;
				CLANG_WARN_COMMA = YES;
				CLANG_WARN_CONSTANT_CONVERSION = YES;
				CLANG_WARN_DEPRECATED_OBJC_IMPLEMENTATIONS = YES;
				CLANG_WARN_DIRECT_OBJC_ISA_USAGE = YES_ERROR;
				CLANG_WARN_DOCUMENTATION_COMMENTS = YES;
				CLANG_WARN_EMPTY_BODY = YES;
				CLANG_WARN_ENUM_CONVERSION = YES;
				CLANG_WARN_INFINITE_RECURSION = YES;
				CLANG_WARN_INT_CONVERSION = YES;
				CLANG_WARN_NON_LITERAL_NULL_CONVERSION = YES;
				CLANG_WARN_OBJC_IMPLICIT_RETAIN_SELF = YES;
				CLANG_WARN_OBJC_LITERAL_CONVERSION = YES;
				CLANG_WARN_OBJC_ROOT_CLASS = YES_ERROR;
				CLANG_WARN_QUOTED_INCLUDE_IN_FRAMEWORK_HEADER = YES;
				CLANG_WARN_RANGE_LOOP_ANALYSIS = YES;
				CLANG_WARN_STRICT_PROTOTYPES = YES;
				CLANG_WARN_SUSPICIOUS_MOVE = YES;
				CLANG_WARN_UNGUARDED_AVAILABILITY = YES_AGGRESSIVE;
				CLANG_WARN_UNREACHABLE_CODE = YES;
				CLANG_WARN__DUPLICATE_METHOD_MATCH = YES;
				COPY_PHASE_STRIP = NO;
				DEBUG_INFORMATION_FORMAT = "dwarf-with-dsym";
				ENABLE_NS_ASSERTIONS = NO;
				ENABLE_STRICT_OBJC_MSGSEND = YES;
				ENABLE_USER_SCRIPT_SANDBOXING = YES;
				GCC_C_LANGUAGE_STANDARD = gnu17;
				GCC_NO_COMMON_BLOCKS = YES;
				GCC_WARN_64_TO_32_BIT_CONVERSION = YES;
				GCC_WARN_ABOUT_RETURN_TYPE = YES_ERROR;
				GCC_WARN_UNDECLARED_SELECTOR = YES;
				GCC_WARN_UNINITIALIZED_AUTOS = YES_AGGRESSIVE;
				GCC_WARN_UNUSED_FUNCTION = YES;
				GCC_WARN_UNUSED_VARIABLE = YES;
				IPHONEOS_DEPLOYMENT_TARGET = 17.0;
				LOCALIZATION_PREFERS_STRING_CATALOGS = YES;
				MTL_ENABLE_DEBUG_INFO = NO;
				MTL_FAST_MATH = YES;
				SDKROOT = iphoneos;
				SWIFT_COMPILATION_MODE = wholemodule;
				VALIDATE_PRODUCT = YES;
			};
			name = Release;
		};
		A7A0873F2AD529E40069D0C1 /* Debug */ = {
			isa = XCBuildConfiguration;
			buildSettings = {
				ASSETCATALOG_COMPILER_APPICON_NAME = AppIcon;
				ASSETCATALOG_COMPILER_GLOBAL_ACCENT_COLOR_NAME = AccentColor;
				CODE_SIGN_STYLE = Automatic;
				CURRENT_PROJECT_VERSION = 1;
				DEVELOPMENT_ASSET_PATHS = "\"GangadharSwiftUIProject/Preview Content\"";
				DEVELOPMENT_TEAM = PTF4RS2HST;
				ENABLE_PREVIEWS = YES;
				GENERATE_INFOPLIST_FILE = YES;
				INFOPLIST_FILE = GangadharSwiftUIProject/Info.plist;
				INFOPLIST_KEY_UIApplicationSceneManifest_Generation = YES;
				INFOPLIST_KEY_UIApplicationSupportsIndirectInputEvents = YES;
				INFOPLIST_KEY_UILaunchScreen_Generation = YES;
				INFOPLIST_KEY_UISupportedInterfaceOrientations_iPad = "UIInterfaceOrientationPortrait UIInterfaceOrientationPortraitUpsideDown UIInterfaceOrientationLandscapeLeft UIInterfaceOrientationLandscapeRight";
				INFOPLIST_KEY_UISupportedInterfaceOrientations_iPhone = "UIInterfaceOrientationPortrait UIInterfaceOrientationLandscapeLeft UIInterfaceOrientationLandscapeRight";
				LD_RUNPATH_SEARCH_PATHS = (
					"$(inherited)",
					"@executable_path/Frameworks",
				);
				MARKETING_VERSION = 1.0;
				PRODUCT_BUNDLE_IDENTIFIER = gd.GangadharSwiftUIProject;
				PRODUCT_NAME = "$(TARGET_NAME)";
				SWIFT_EMIT_LOC_STRINGS = YES;
				SWIFT_VERSION = 5.0;
				TARGETED_DEVICE_FAMILY = "1,2";
			};
			name = Debug;
		};
		A7A087402AD529E40069D0C1 /* Release */ = {
			isa = XCBuildConfiguration;
			buildSettings = {
				ASSETCATALOG_COMPILER_APPICON_NAME = AppIcon;
				ASSETCATALOG_COMPILER_GLOBAL_ACCENT_COLOR_NAME = AccentColor;
				CODE_SIGN_STYLE = Automatic;
				CURRENT_PROJECT_VERSION = 1;
				DEVELOPMENT_ASSET_PATHS = "\"GangadharSwiftUIProject/Preview Content\"";
				DEVELOPMENT_TEAM = PTF4RS2HST;
				ENABLE_PREVIEWS = YES;
				GENERATE_INFOPLIST_FILE = YES;
				INFOPLIST_FILE = GangadharSwiftUIProject/Info.plist;
				INFOPLIST_KEY_UIApplicationSceneManifest_Generation = YES;
				INFOPLIST_KEY_UIApplicationSupportsIndirectInputEvents = YES;
				INFOPLIST_KEY_UILaunchScreen_Generation = YES;
				INFOPLIST_KEY_UISupportedInterfaceOrientations_iPad = "UIInterfaceOrientationPortrait UIInterfaceOrientationPortraitUpsideDown UIInterfaceOrientationLandscapeLeft UIInterfaceOrientationLandscapeRight";
				INFOPLIST_KEY_UISupportedInterfaceOrientations_iPhone = "UIInterfaceOrientationPortrait UIInterfaceOrientationLandscapeLeft UIInterfaceOrientationLandscapeRight";
				LD_RUNPATH_SEARCH_PATHS = (
					"$(inherited)",
					"@executable_path/Frameworks",
				);
				MARKETING_VERSION = 1.0;
				PRODUCT_BUNDLE_IDENTIFIER = gd.GangadharSwiftUIProject;
				PRODUCT_NAME = "$(TARGET_NAME)";
				SWIFT_EMIT_LOC_STRINGS = YES;
				SWIFT_VERSION = 5.0;
				TARGETED_DEVICE_FAMILY = "1,2";
			};
			name = Release;
		};
		A7A087422AD529E40069D0C1 /* Debug */ = {
			isa = XCBuildConfiguration;
			buildSettings = {
				ALWAYS_EMBED_SWIFT_STANDARD_LIBRARIES = YES;
				BUNDLE_LOADER = "$(TEST_HOST)";
				CODE_SIGN_STYLE = Automatic;
				CURRENT_PROJECT_VERSION = 1;
				DEVELOPMENT_TEAM = PTF4RS2HST;
				GENERATE_INFOPLIST_FILE = YES;
				IPHONEOS_DEPLOYMENT_TARGET = 17.0;
				MARKETING_VERSION = 1.0;
				PRODUCT_BUNDLE_IDENTIFIER = gd.GangadharSwiftUIProjectTests;
				PRODUCT_NAME = "$(TARGET_NAME)";
				SWIFT_EMIT_LOC_STRINGS = NO;
				SWIFT_VERSION = 5.0;
				TARGETED_DEVICE_FAMILY = "1,2";
				TEST_HOST = "$(BUILT_PRODUCTS_DIR)/GangadharSwiftUIProject.app/$(BUNDLE_EXECUTABLE_FOLDER_PATH)/GangadharSwiftUIProject";
			};
			name = Debug;
		};
		A7A087432AD529E40069D0C1 /* Release */ = {
			isa = XCBuildConfiguration;
			buildSettings = {
				ALWAYS_EMBED_SWIFT_STANDARD_LIBRARIES = YES;
				BUNDLE_LOADER = "$(TEST_HOST)";
				CODE_SIGN_STYLE = Automatic;
				CURRENT_PROJECT_VERSION = 1;
				DEVELOPMENT_TEAM = PTF4RS2HST;
				GENERATE_INFOPLIST_FILE = YES;
				IPHONEOS_DEPLOYMENT_TARGET = 17.0;
				MARKETING_VERSION = 1.0;
				PRODUCT_BUNDLE_IDENTIFIER = gd.GangadharSwiftUIProjectTests;
				PRODUCT_NAME = "$(TARGET_NAME)";
				SWIFT_EMIT_LOC_STRINGS = NO;
				SWIFT_VERSION = 5.0;
				TARGETED_DEVICE_FAMILY = "1,2";
				TEST_HOST = "$(BUILT_PRODUCTS_DIR)/GangadharSwiftUIProject.app/$(BUNDLE_EXECUTABLE_FOLDER_PATH)/GangadharSwiftUIProject";
			};
			name = Release;
		};
		A7A087452AD529E40069D0C1 /* Debug */ = {
			isa = XCBuildConfiguration;
			buildSettings = {
				ALWAYS_EMBED_SWIFT_STANDARD_LIBRARIES = YES;
				CODE_SIGN_STYLE = Automatic;
				CURRENT_PROJECT_VERSION = 1;
				DEVELOPMENT_TEAM = PTF4RS2HST;
				GENERATE_INFOPLIST_FILE = YES;
				MARKETING_VERSION = 1.0;
				PRODUCT_BUNDLE_IDENTIFIER = gd.GangadharSwiftUIProjectUITests;
				PRODUCT_NAME = "$(TARGET_NAME)";
				SWIFT_EMIT_LOC_STRINGS = NO;
				SWIFT_VERSION = 5.0;
				TARGETED_DEVICE_FAMILY = "1,2";
				TEST_TARGET_NAME = GangadharSwiftUIProject;
			};
			name = Debug;
		};
		A7A087462AD529E40069D0C1 /* Release */ = {
			isa = XCBuildConfiguration;
			buildSettings = {
				ALWAYS_EMBED_SWIFT_STANDARD_LIBRARIES = YES;
				CODE_SIGN_STYLE = Automatic;
				CURRENT_PROJECT_VERSION = 1;
				DEVELOPMENT_TEAM = PTF4RS2HST;
				GENERATE_INFOPLIST_FILE = YES;
				MARKETING_VERSION = 1.0;
				PRODUCT_BUNDLE_IDENTIFIER = gd.GangadharSwiftUIProjectUITests;
				PRODUCT_NAME = "$(TARGET_NAME)";
				SWIFT_EMIT_LOC_STRINGS = NO;
				SWIFT_VERSION = 5.0;
				TARGETED_DEVICE_FAMILY = "1,2";
				TEST_TARGET_NAME = GangadharSwiftUIProject;
			};
			name = Release;
		};
/* End XCBuildConfiguration section */

/* Begin XCConfigurationList section */
		A7A087152AD529E20069D0C1 /* Build configuration list for PBXProject "GangadharSwiftUIProject" */ = {
			isa = XCConfigurationList;
			buildConfigurations = (
				A7A0873C2AD529E40069D0C1 /* Debug */,
				A7A0873D2AD529E40069D0C1 /* Release */,
			);
			defaultConfigurationIsVisible = 0;
			defaultConfigurationName = Release;
		};
		A7A0873E2AD529E40069D0C1 /* Build configuration list for PBXNativeTarget "GangadharSwiftUIProject" */ = {
			isa = XCConfigurationList;
			buildConfigurations = (
				A7A0873F2AD529E40069D0C1 /* Debug */,
				A7A087402AD529E40069D0C1 /* Release */,
			);
			defaultConfigurationIsVisible = 0;
			defaultConfigurationName = Release;
		};
		A7A087412AD529E40069D0C1 /* Build configuration list for PBXNativeTarget "GangadharSwiftUIProjectTests" */ = {
			isa = XCConfigurationList;
			buildConfigurations = (
				A7A087422AD529E40069D0C1 /* Debug */,
				A7A087432AD529E40069D0C1 /* Release */,
			);
			defaultConfigurationIsVisible = 0;
			defaultConfigurationName = Release;
		};
		A7A087442AD529E40069D0C1 /* Build configuration list for PBXNativeTarget "GangadharSwiftUIProjectUITests" */ = {
			isa = XCConfigurationList;
			buildConfigurations = (
				A7A087452AD529E40069D0C1 /* Debug */,
				A7A087462AD529E40069D0C1 /* Release */,
			);
			defaultConfigurationIsVisible = 0;
			defaultConfigurationName = Release;
		};
/* End XCConfigurationList section */
	};
	rootObject = A7A087122AD529E20069D0C1 /* Project object */;
}
